// !$*UTF8*$!
{
	archiveVersion = 1;
	classes = {
	};
	objectVersion = 46;
	objects = {

/* Begin PBXBuildFile section */
		6C737B011C787CA2008229A3 /* AppDelegate.swift in Sources */ = {isa = PBXBuildFile; fileRef = 6C737B001C787CA2008229A3 /* AppDelegate.swift */; };
		6C737B031C787CA2008229A3 /* ViewController.swift in Sources */ = {isa = PBXBuildFile; fileRef = 6C737B021C787CA2008229A3 /* ViewController.swift */; };
		6C737B061C787CA2008229A3 /* Main.storyboard in Resources */ = {isa = PBXBuildFile; fileRef = 6C737B041C787CA2008229A3 /* Main.storyboard */; };
		6C737B081C787CA2008229A3 /* Assets.xcassets in Resources */ = {isa = PBXBuildFile; fileRef = 6C737B071C787CA2008229A3 /* Assets.xcassets */; };
		6C737B0B1C787CA2008229A3 /* LaunchScreen.storyboard in Resources */ = {isa = PBXBuildFile; fileRef = 6C737B091C787CA2008229A3 /* LaunchScreen.storyboard */; };
		6C737B101C787CA2008229A3 /* PresentationRemoteIOS WatchKit App.app in Embed Watch Content */ = {isa = PBXBuildFile; fileRef = 6C737B0F1C787CA2008229A3 /* PresentationRemoteIOS WatchKit App.app */; };
		6C737B161C787CA2008229A3 /* Interface.storyboard in Resources */ = {isa = PBXBuildFile; fileRef = 6C737B141C787CA2008229A3 /* Interface.storyboard */; };
		6C737B181C787CA2008229A3 /* Assets.xcassets in Resources */ = {isa = PBXBuildFile; fileRef = 6C737B171C787CA2008229A3 /* Assets.xcassets */; };
		6C737B1F1C787CA2008229A3 /* PresentationRemoteIOS WatchKit Extension.appex in Embed App Extensions */ = {isa = PBXBuildFile; fileRef = 6C737B1E1C787CA2008229A3 /* PresentationRemoteIOS WatchKit Extension.appex */; settings = {ATTRIBUTES = (RemoveHeadersOnCopy, ); }; };
		6C737B241C787CA2008229A3 /* InterfaceController.swift in Sources */ = {isa = PBXBuildFile; fileRef = 6C737B231C787CA2008229A3 /* InterfaceController.swift */; };
		6C737B261C787CA2008229A3 /* ExtensionDelegate.swift in Sources */ = {isa = PBXBuildFile; fileRef = 6C737B251C787CA2008229A3 /* ExtensionDelegate.swift */; };
		6C737B281C787CA2008229A3 /* Assets.xcassets in Resources */ = {isa = PBXBuildFile; fileRef = 6C737B271C787CA2008229A3 /* Assets.xcassets */; };
/* End PBXBuildFile section */

/* Begin PBXContainerItemProxy section */
		6C737B111C787CA2008229A3 /* PBXContainerItemProxy */ = {
			isa = PBXContainerItemProxy;
			containerPortal = 6C737AF51C787CA2008229A3 /* Project object */;
			proxyType = 1;
			remoteGlobalIDString = 6C737B0E1C787CA2008229A3;
			remoteInfo = "PresentationRemoteIOS WatchKit App";
		};
		6C737B201C787CA2008229A3 /* PBXContainerItemProxy */ = {
			isa = PBXContainerItemProxy;
			containerPortal = 6C737AF51C787CA2008229A3 /* Project object */;
			proxyType = 1;
			remoteGlobalIDString = 6C737B1D1C787CA2008229A3;
			remoteInfo = "PresentationRemoteIOS WatchKit Extension";
		};
/* End PBXContainerItemProxy section */

/* Begin PBXCopyFilesBuildPhase section */
		6C737B2F1C787CA2008229A3 /* Embed App Extensions */ = {
			isa = PBXCopyFilesBuildPhase;
			buildActionMask = 2147483647;
			dstPath = "";
			dstSubfolderSpec = 13;
			files = (
				6C737B1F1C787CA2008229A3 /* PresentationRemoteIOS WatchKit Extension.appex in Embed App Extensions */,
			);
			name = "Embed App Extensions";
			runOnlyForDeploymentPostprocessing = 0;
		};
		6C737B331C787CA2008229A3 /* Embed Watch Content */ = {
			isa = PBXCopyFilesBuildPhase;
			buildActionMask = 2147483647;
			dstPath = "$(CONTENTS_FOLDER_PATH)/Watch";
			dstSubfolderSpec = 16;
			files = (
				6C737B101C787CA2008229A3 /* PresentationRemoteIOS WatchKit App.app in Embed Watch Content */,
			);
			name = "Embed Watch Content";
			runOnlyForDeploymentPostprocessing = 0;
		};
/* End PBXCopyFilesBuildPhase section */

/* Begin PBXFileReference section */
		6C737AFD1C787CA2008229A3 /* PresentationRemoteIOS.app */ = {isa = PBXFileReference; explicitFileType = wrapper.application; includeInIndex = 0; path = PresentationRemoteIOS.app; sourceTree = BUILT_PRODUCTS_DIR; };
		6C737B001C787CA2008229A3 /* AppDelegate.swift */ = {isa = PBXFileReference; lastKnownFileType = sourcecode.swift; path = AppDelegate.swift; sourceTree = "<group>"; };
		6C737B021C787CA2008229A3 /* ViewController.swift */ = {isa = PBXFileReference; lastKnownFileType = sourcecode.swift; path = ViewController.swift; sourceTree = "<group>"; };
		6C737B051C787CA2008229A3 /* Base */ = {isa = PBXFileReference; lastKnownFileType = file.storyboard; name = Base; path = Base.lproj/Main.storyboard; sourceTree = "<group>"; };
		6C737B071C787CA2008229A3 /* Assets.xcassets */ = {isa = PBXFileReference; lastKnownFileType = folder.assetcatalog; path = Assets.xcassets; sourceTree = "<group>"; };
		6C737B0A1C787CA2008229A3 /* Base */ = {isa = PBXFileReference; lastKnownFileType = file.storyboard; name = Base; path = Base.lproj/LaunchScreen.storyboard; sourceTree = "<group>"; };
		6C737B0C1C787CA2008229A3 /* Info.plist */ = {isa = PBXFileReference; lastKnownFileType = text.plist.xml; path = Info.plist; sourceTree = "<group>"; };
		6C737B0F1C787CA2008229A3 /* PresentationRemoteIOS WatchKit App.app */ = {isa = PBXFileReference; explicitFileType = wrapper.application; includeInIndex = 0; path = "PresentationRemoteIOS WatchKit App.app"; sourceTree = BUILT_PRODUCTS_DIR; };
		6C737B151C787CA2008229A3 /* Base */ = {isa = PBXFileReference; lastKnownFileType = file.storyboard; name = Base; path = Base.lproj/Interface.storyboard; sourceTree = "<group>"; };
		6C737B171C787CA2008229A3 /* Assets.xcassets */ = {isa = PBXFileReference; lastKnownFileType = folder.assetcatalog; path = Assets.xcassets; sourceTree = "<group>"; };
		6C737B191C787CA2008229A3 /* Info.plist */ = {isa = PBXFileReference; lastKnownFileType = text.plist.xml; path = Info.plist; sourceTree = "<group>"; };
		6C737B1E1C787CA2008229A3 /* PresentationRemoteIOS WatchKit Extension.appex */ = {isa = PBXFileReference; explicitFileType = "wrapper.app-extension"; includeInIndex = 0; path = "PresentationRemoteIOS WatchKit Extension.appex"; sourceTree = BUILT_PRODUCTS_DIR; };
		6C737B231C787CA2008229A3 /* InterfaceController.swift */ = {isa = PBXFileReference; lastKnownFileType = sourcecode.swift; path = InterfaceController.swift; sourceTree = "<group>"; };
		6C737B251C787CA2008229A3 /* ExtensionDelegate.swift */ = {isa = PBXFileReference; lastKnownFileType = sourcecode.swift; path = ExtensionDelegate.swift; sourceTree = "<group>"; };
		6C737B271C787CA2008229A3 /* Assets.xcassets */ = {isa = PBXFileReference; lastKnownFileType = folder.assetcatalog; path = Assets.xcassets; sourceTree = "<group>"; };
		6C737B291C787CA2008229A3 /* Info.plist */ = {isa = PBXFileReference; lastKnownFileType = text.plist.xml; path = Info.plist; sourceTree = "<group>"; };
/* End PBXFileReference section */

/* Begin PBXFrameworksBuildPhase section */
		6C737AFA1C787CA2008229A3 /* Frameworks */ = {
			isa = PBXFrameworksBuildPhase;
			buildActionMask = 2147483647;
			files = (
			);
			runOnlyForDeploymentPostprocessing = 0;
		};
		6C737B1B1C787CA2008229A3 /* Frameworks */ = {
			isa = PBXFrameworksBuildPhase;
			buildActionMask = 2147483647;
			files = (
			);
			runOnlyForDeploymentPostprocessing = 0;
		};
/* End PBXFrameworksBuildPhase section */

/* Begin PBXGroup section */
		6C737AF41C787CA2008229A3 = {
			isa = PBXGroup;
			children = (
				6C737AFF1C787CA2008229A3 /* PresentationRemoteIOS */,
				6C737B131C787CA2008229A3 /* PresentationRemoteIOS WatchKit App */,
				6C737B221C787CA2008229A3 /* PresentationRemoteIOS WatchKit Extension */,
				6C737AFE1C787CA2008229A3 /* Products */,
			);
			sourceTree = "<group>";
		};
		6C737AFE1C787CA2008229A3 /* Products */ = {
			isa = PBXGroup;
			children = (
				6C737AFD1C787CA2008229A3 /* PresentationRemoteIOS.app */,
				6C737B0F1C787CA2008229A3 /* PresentationRemoteIOS WatchKit App.app */,
				6C737B1E1C787CA2008229A3 /* PresentationRemoteIOS WatchKit Extension.appex */,
			);
			name = Products;
			sourceTree = "<group>";
		};
		6C737AFF1C787CA2008229A3 /* PresentationRemoteIOS */ = {
			isa = PBXGroup;
			children = (
				6C737B001C787CA2008229A3 /* AppDelegate.swift */,
				6C737B021C787CA2008229A3 /* ViewController.swift */,
				6C737B041C787CA2008229A3 /* Main.storyboard */,
				6C737B071C787CA2008229A3 /* Assets.xcassets */,
				6C737B091C787CA2008229A3 /* LaunchScreen.storyboard */,
				6C737B0C1C787CA2008229A3 /* Info.plist */,
			);
			path = PresentationRemoteIOS;
			sourceTree = "<group>";
		};
		6C737B131C787CA2008229A3 /* PresentationRemoteIOS WatchKit App */ = {
			isa = PBXGroup;
			children = (
				6C737B141C787CA2008229A3 /* Interface.storyboard */,
				6C737B171C787CA2008229A3 /* Assets.xcassets */,
				6C737B191C787CA2008229A3 /* Info.plist */,
			);
			path = "PresentationRemoteIOS WatchKit App";
			sourceTree = "<group>";
		};
		6C737B221C787CA2008229A3 /* PresentationRemoteIOS WatchKit Extension */ = {
			isa = PBXGroup;
			children = (
				6C737B231C787CA2008229A3 /* InterfaceController.swift */,
				6C737B251C787CA2008229A3 /* ExtensionDelegate.swift */,
				6C737B271C787CA2008229A3 /* Assets.xcassets */,
				6C737B291C787CA2008229A3 /* Info.plist */,
			);
			path = "PresentationRemoteIOS WatchKit Extension";
			sourceTree = "<group>";
		};
/* End PBXGroup section */

/* Begin PBXNativeTarget section */
		6C737AFC1C787CA2008229A3 /* PresentationRemoteIOS */ = {
			isa = PBXNativeTarget;
			buildConfigurationList = 6C737B341C787CA2008229A3 /* Build configuration list for PBXNativeTarget "PresentationRemoteIOS" */;
			buildPhases = (
				6C737AF91C787CA2008229A3 /* Sources */,
				6C737AFA1C787CA2008229A3 /* Frameworks */,
				6C737AFB1C787CA2008229A3 /* Resources */,
				6C737B331C787CA2008229A3 /* Embed Watch Content */,
			);
			buildRules = (
			);
			dependencies = (
				6C737B121C787CA2008229A3 /* PBXTargetDependency */,
			);
			name = PresentationRemoteIOS;
			productName = PresentationRemoteIOS;
			productReference = 6C737AFD1C787CA2008229A3 /* PresentationRemoteIOS.app */;
			productType = "com.apple.product-type.application";
		};
		6C737B0E1C787CA2008229A3 /* PresentationRemoteIOS WatchKit App */ = {
			isa = PBXNativeTarget;
			buildConfigurationList = 6C737B301C787CA2008229A3 /* Build configuration list for PBXNativeTarget "PresentationRemoteIOS WatchKit App" */;
			buildPhases = (
				6C737B0D1C787CA2008229A3 /* Resources */,
				6C737B2F1C787CA2008229A3 /* Embed App Extensions */,
			);
			buildRules = (
			);
			dependencies = (
				6C737B211C787CA2008229A3 /* PBXTargetDependency */,
			);
			name = "PresentationRemoteIOS WatchKit App";
			productName = "PresentationRemoteIOS WatchKit App";
			productReference = 6C737B0F1C787CA2008229A3 /* PresentationRemoteIOS WatchKit App.app */;
			productType = "com.apple.product-type.application.watchapp2";
		};
		6C737B1D1C787CA2008229A3 /* PresentationRemoteIOS WatchKit Extension */ = {
			isa = PBXNativeTarget;
			buildConfigurationList = 6C737B2C1C787CA2008229A3 /* Build configuration list for PBXNativeTarget "PresentationRemoteIOS WatchKit Extension" */;
			buildPhases = (
				6C737B1A1C787CA2008229A3 /* Sources */,
				6C737B1B1C787CA2008229A3 /* Frameworks */,
				6C737B1C1C787CA2008229A3 /* Resources */,
			);
			buildRules = (
			);
			dependencies = (
			);
			name = "PresentationRemoteIOS WatchKit Extension";
			productName = "PresentationRemoteIOS WatchKit Extension";
			productReference = 6C737B1E1C787CA2008229A3 /* PresentationRemoteIOS WatchKit Extension.appex */;
			productType = "com.apple.product-type.watchkit2-extension";
		};
/* End PBXNativeTarget section */

/* Begin PBXProject section */
		6C737AF51C787CA2008229A3 /* Project object */ = {
			isa = PBXProject;
			attributes = {
				LastSwiftUpdateCheck = 0720;
				LastUpgradeCheck = 0720;
				ORGANIZATIONNAME = "Wouter Verweirder";
				TargetAttributes = {
					6C737AFC1C787CA2008229A3 = {
						CreatedOnToolsVersion = 7.2.1;
						DevelopmentTeam = 9RZW73LTB7;
					};
					6C737B0E1C787CA2008229A3 = {
						CreatedOnToolsVersion = 7.2.1;
						DevelopmentTeam = 9RZW73LTB7;
					};
					6C737B1D1C787CA2008229A3 = {
						CreatedOnToolsVersion = 7.2.1;
						DevelopmentTeam = 9RZW73LTB7;
					};
				};
			};
			buildConfigurationList = 6C737AF81C787CA2008229A3 /* Build configuration list for PBXProject "PresentationRemoteIOS" */;
			compatibilityVersion = "Xcode 3.2";
			developmentRegion = English;
			hasScannedForEncodings = 0;
			knownRegions = (
				en,
				Base,
			);
			mainGroup = 6C737AF41C787CA2008229A3;
			productRefGroup = 6C737AFE1C787CA2008229A3 /* Products */;
			projectDirPath = "";
			projectRoot = "";
			targets = (
				6C737AFC1C787CA2008229A3 /* PresentationRemoteIOS */,
				6C737B0E1C787CA2008229A3 /* PresentationRemoteIOS WatchKit App */,
				6C737B1D1C787CA2008229A3 /* PresentationRemoteIOS WatchKit Extension */,
			);
		};
/* End PBXProject section */

/* Begin PBXResourcesBuildPhase section */
		6C737AFB1C787CA2008229A3 /* Resources */ = {
			isa = PBXResourcesBuildPhase;
			buildActionMask = 2147483647;
			files = (
				6C737B0B1C787CA2008229A3 /* LaunchScreen.storyboard in Resources */,
				6C737B081C787CA2008229A3 /* Assets.xcassets in Resources */,
				6C737B061C787CA2008229A3 /* Main.storyboard in Resources */,
			);
			runOnlyForDeploymentPostprocessing = 0;
		};
		6C737B0D1C787CA2008229A3 /* Resources */ = {
			isa = PBXResourcesBuildPhase;
			buildActionMask = 2147483647;
			files = (
				6C737B181C787CA2008229A3 /* Assets.xcassets in Resources */,
				6C737B161C787CA2008229A3 /* Interface.storyboard in Resources */,
			);
			runOnlyForDeploymentPostprocessing = 0;
		};
		6C737B1C1C787CA2008229A3 /* Resources */ = {
			isa = PBXResourcesBuildPhase;
			buildActionMask = 2147483647;
			files = (
				6C737B281C787CA2008229A3 /* Assets.xcassets in Resources */,
			);
			runOnlyForDeploymentPostprocessing = 0;
		};
/* End PBXResourcesBuildPhase section */

/* Begin PBXSourcesBuildPhase section */
		6C737AF91C787CA2008229A3 /* Sources */ = {
			isa = PBXSourcesBuildPhase;
			buildActionMask = 2147483647;
			files = (
				6C737B031C787CA2008229A3 /* ViewController.swift in Sources */,
				6C737B011C787CA2008229A3 /* AppDelegate.swift in Sources */,
			);
			runOnlyForDeploymentPostprocessing = 0;
		};
		6C737B1A1C787CA2008229A3 /* Sources */ = {
			isa = PBXSourcesBuildPhase;
			buildActionMask = 2147483647;
			files = (
				6C737B261C787CA2008229A3 /* ExtensionDelegate.swift in Sources */,
				6C737B241C787CA2008229A3 /* InterfaceController.swift in Sources */,
			);
			runOnlyForDeploymentPostprocessing = 0;
		};
/* End PBXSourcesBuildPhase section */

/* Begin PBXTargetDependency section */
		6C737B121C787CA2008229A3 /* PBXTargetDependency */ = {
			isa = PBXTargetDependency;
			target = 6C737B0E1C787CA2008229A3 /* PresentationRemoteIOS WatchKit App */;
			targetProxy = 6C737B111C787CA2008229A3 /* PBXContainerItemProxy */;
		};
		6C737B211C787CA2008229A3 /* PBXTargetDependency */ = {
			isa = PBXTargetDependency;
			target = 6C737B1D1C787CA2008229A3 /* PresentationRemoteIOS WatchKit Extension */;
			targetProxy = 6C737B201C787CA2008229A3 /* PBXContainerItemProxy */;
		};
/* End PBXTargetDependency section */

/* Begin PBXVariantGroup section */
		6C737B041C787CA2008229A3 /* Main.storyboard */ = {
			isa = PBXVariantGroup;
			children = (
				6C737B051C787CA2008229A3 /* Base */,
			);
			name = Main.storyboard;
			sourceTree = "<group>";
		};
		6C737B091C787CA2008229A3 /* LaunchScreen.storyboard */ = {
			isa = PBXVariantGroup;
			children = (
				6C737B0A1C787CA2008229A3 /* Base */,
			);
			name = LaunchScreen.storyboard;
			sourceTree = "<group>";
		};
		6C737B141C787CA2008229A3 /* Interface.storyboard */ = {
			isa = PBXVariantGroup;
			children = (
				6C737B151C787CA2008229A3 /* Base */,
			);
			name = Interface.storyboard;
			sourceTree = "<group>";
		};
/* End PBXVariantGroup section */

/* Begin XCBuildConfiguration section */
		6C737B2A1C787CA2008229A3 /* Debug */ = {
			isa = XCBuildConfiguration;
			buildSettings = {
				ALWAYS_SEARCH_USER_PATHS = NO;
				CLANG_CXX_LANGUAGE_STANDARD = "gnu++0x";
				CLANG_CXX_LIBRARY = "libc++";
				CLANG_ENABLE_MODULES = YES;
				CLANG_ENABLE_OBJC_ARC = YES;
				CLANG_WARN_BOOL_CONVERSION = YES;
				CLANG_WARN_CONSTANT_CONVERSION = YES;
				CLANG_WARN_DIRECT_OBJC_ISA_USAGE = YES_ERROR;
				CLANG_WARN_EMPTY_BODY = YES;
				CLANG_WARN_ENUM_CONVERSION = YES;
				CLANG_WARN_INT_CONVERSION = YES;
				CLANG_WARN_OBJC_ROOT_CLASS = YES_ERROR;
				CLANG_WARN_UNREACHABLE_CODE = YES;
				CLANG_WARN__DUPLICATE_METHOD_MATCH = YES;
				"CODE_SIGN_IDENTITY[sdk=iphoneos*]" = "iPhone Developer";
				COPY_PHASE_STRIP = NO;
				DEBUG_INFORMATION_FORMAT = dwarf;
				ENABLE_STRICT_OBJC_MSGSEND = YES;
				ENABLE_TESTABILITY = YES;
				GCC_C_LANGUAGE_STANDARD = gnu99;
				GCC_DYNAMIC_NO_PIC = NO;
				GCC_NO_COMMON_BLOCKS = YES;
				GCC_OPTIMIZATION_LEVEL = 0;
				GCC_PREPROCESSOR_DEFINITIONS = (
					"DEBUG=1",
					"$(inherited)",
				);
				GCC_WARN_64_TO_32_BIT_CONVERSION = YES;
				GCC_WARN_ABOUT_RETURN_TYPE = YES_ERROR;
				GCC_WARN_UNDECLARED_SELECTOR = YES;
				GCC_WARN_UNINITIALIZED_AUTOS = YES_AGGRESSIVE;
				GCC_WARN_UNUSED_FUNCTION = YES;
				GCC_WARN_UNUSED_VARIABLE = YES;
				IPHONEOS_DEPLOYMENT_TARGET = 9.2;
				MTL_ENABLE_DEBUG_INFO = YES;
				ONLY_ACTIVE_ARCH = YES;
				SDKROOT = iphoneos;
				SWIFT_OPTIMIZATION_LEVEL = "-Onone";
			};
			name = Debug;
		};
		6C737B2B1C787CA2008229A3 /* Release */ = {
			isa = XCBuildConfiguration;
			buildSettings = {
				ALWAYS_SEARCH_USER_PATHS = NO;
				CLANG_CXX_LANGUAGE_STANDARD = "gnu++0x";
				CLANG_CXX_LIBRARY = "libc++";
				CLANG_ENABLE_MODULES = YES;
				CLANG_ENABLE_OBJC_ARC = YES;
				CLANG_WARN_BOOL_CONVERSION = YES;
				CLANG_WARN_CONSTANT_CONVERSION = YES;
				CLANG_WARN_DIRECT_OBJC_ISA_USAGE = YES_ERROR;
				CLANG_WARN_EMPTY_BODY = YES;
				CLANG_WARN_ENUM_CONVERSION = YES;
				CLANG_WARN_INT_CONVERSION = YES;
				CLANG_WARN_OBJC_ROOT_CLASS = YES_ERROR;
				CLANG_WARN_UNREACHABLE_CODE = YES;
				CLANG_WARN__DUPLICATE_METHOD_MATCH = YES;
				"CODE_SIGN_IDENTITY[sdk=iphoneos*]" = "iPhone Developer";
				COPY_PHASE_STRIP = NO;
				DEBUG_INFORMATION_FORMAT = "dwarf-with-dsym";
				ENABLE_NS_ASSERTIONS = NO;
				ENABLE_STRICT_OBJC_MSGSEND = YES;
				GCC_C_LANGUAGE_STANDARD = gnu99;
				GCC_NO_COMMON_BLOCKS = YES;
				GCC_WARN_64_TO_32_BIT_CONVERSION = YES;
				GCC_WARN_ABOUT_RETURN_TYPE = YES_ERROR;
				GCC_WARN_UNDECLARED_SELECTOR = YES;
				GCC_WARN_UNINITIALIZED_AUTOS = YES_AGGRESSIVE;
				GCC_WARN_UNUSED_FUNCTION = YES;
				GCC_WARN_UNUSED_VARIABLE = YES;
				IPHONEOS_DEPLOYMENT_TARGET = 9.2;
				MTL_ENABLE_DEBUG_INFO = NO;
				SDKROOT = iphoneos;
				VALIDATE_PRODUCT = YES;
			};
			name = Release;
		};
		6C737B2D1C787CA2008229A3 /* Debug */ = {
			isa = XCBuildConfiguration;
			buildSettings = {
				CODE_SIGN_IDENTITY = "iPhone Developer";
				INFOPLIST_FILE = "PresentationRemoteIOS WatchKit Extension/Info.plist";
				LD_RUNPATH_SEARCH_PATHS = "$(inherited) @executable_path/Frameworks @executable_path/../../Frameworks";
				PRODUCT_BUNDLE_IDENTIFIER = be.devine.PresentationRemoteIOS.watchkitapp.watchkitextension;
				PRODUCT_NAME = "${TARGET_NAME}";
				SDKROOT = watchos;
				SKIP_INSTALL = YES;
				TARGETED_DEVICE_FAMILY = 4;
				WATCHOS_DEPLOYMENT_TARGET = 2.1;
			};
			name = Debug;
		};
		6C737B2E1C787CA2008229A3 /* Release */ = {
			isa = XCBuildConfiguration;
			buildSettings = {
				CODE_SIGN_IDENTITY = "iPhone Developer";
				INFOPLIST_FILE = "PresentationRemoteIOS WatchKit Extension/Info.plist";
				LD_RUNPATH_SEARCH_PATHS = "$(inherited) @executable_path/Frameworks @executable_path/../../Frameworks";
				PRODUCT_BUNDLE_IDENTIFIER = be.devine.PresentationRemoteIOS.watchkitapp.watchkitextension;
				PRODUCT_NAME = "${TARGET_NAME}";
				SDKROOT = watchos;
				SKIP_INSTALL = YES;
				TARGETED_DEVICE_FAMILY = 4;
				WATCHOS_DEPLOYMENT_TARGET = 2.1;
			};
			name = Release;
		};
		6C737B311C787CA2008229A3 /* Debug */ = {
			isa = XCBuildConfiguration;
			buildSettings = {
				ASSETCATALOG_COMPILER_APPICON_NAME = AppIcon;
				CLANG_ENABLE_MODULES = YES;
				CODE_SIGN_IDENTITY = "iPhone Developer";
				EMBEDDED_CONTENT_CONTAINS_SWIFT = YES;
				IBSC_MODULE = PresentationRemoteIOS_WatchKit_Extension;
				INFOPLIST_FILE = "PresentationRemoteIOS WatchKit App/Info.plist";
				LD_RUNPATH_SEARCH_PATHS = "$(inherited) @executable_path/../Frameworks @loader_path/../Frameworks";
				PRODUCT_BUNDLE_IDENTIFIER = be.devine.PresentationRemoteIOS.watchkitapp;
				PRODUCT_NAME = "$(TARGET_NAME)";
				SDKROOT = watchos;
				SKIP_INSTALL = YES;
				SWIFT_OPTIMIZATION_LEVEL = "-Onone";
				TARGETED_DEVICE_FAMILY = 4;
				WATCHOS_DEPLOYMENT_TARGET = 2.1;
			};
			name = Debug;
		};
		6C737B321C787CA2008229A3 /* Release */ = {
			isa = XCBuildConfiguration;
			buildSettings = {
				ASSETCATALOG_COMPILER_APPICON_NAME = AppIcon;
				CLANG_ENABLE_MODULES = YES;
				CODE_SIGN_IDENTITY = "iPhone Developer";
				EMBEDDED_CONTENT_CONTAINS_SWIFT = YES;
				IBSC_MODULE = PresentationRemoteIOS_WatchKit_Extension;
				INFOPLIST_FILE = "PresentationRemoteIOS WatchKit App/Info.plist";
				LD_RUNPATH_SEARCH_PATHS = "$(inherited) @executable_path/../Frameworks @loader_path/../Frameworks";
				PRODUCT_BUNDLE_IDENTIFIER = be.devine.PresentationRemoteIOS.watchkitapp;
				PRODUCT_NAME = "$(TARGET_NAME)";
				SDKROOT = watchos;
				SKIP_INSTALL = YES;
				TARGETED_DEVICE_FAMILY = 4;
				WATCHOS_DEPLOYMENT_TARGET = 2.1;
			};
			name = Release;
		};
		6C737B351C787CA2008229A3 /* Debug */ = {
			isa = XCBuildConfiguration;
			buildSettings = {
				ASSETCATALOG_COMPILER_APPICON_NAME = AppIcon;
				CODE_SIGN_IDENTITY = "iPhone Developer";
				INFOPLIST_FILE = PresentationRemoteIOS/Info.plist;
				LD_RUNPATH_SEARCH_PATHS = "$(inherited) @executable_path/Frameworks";
				PRODUCT_BUNDLE_IDENTIFIER = be.devine.PresentationRemoteIOS;
				PRODUCT_NAME = "$(TARGET_NAME)";
			};
			name = Debug;
		};
		6C737B361C787CA2008229A3 /* Release */ = {
			isa = XCBuildConfiguration;
			buildSettings = {
				ASSETCATALOG_COMPILER_APPICON_NAME = AppIcon;
				CODE_SIGN_IDENTITY = "iPhone Developer";
				INFOPLIST_FILE = PresentationRemoteIOS/Info.plist;
				LD_RUNPATH_SEARCH_PATHS = "$(inherited) @executable_path/Frameworks";
				PRODUCT_BUNDLE_IDENTIFIER = be.devine.PresentationRemoteIOS;
				PRODUCT_NAME = "$(TARGET_NAME)";
			};
			name = Release;
		};
/* End XCBuildConfiguration section */

/* Begin XCConfigurationList section */
		6C737AF81C787CA2008229A3 /* Build configuration list for PBXProject "PresentationRemoteIOS" */ = {
			isa = XCConfigurationList;
			buildConfigurations = (
				6C737B2A1C787CA2008229A3 /* Debug */,
				6C737B2B1C787CA2008229A3 /* Release */,
			);
			defaultConfigurationIsVisible = 0;
			defaultConfigurationName = Release;
		};
		6C737B2C1C787CA2008229A3 /* Build configuration list for PBXNativeTarget "PresentationRemoteIOS WatchKit Extension" */ = {
			isa = XCConfigurationList;
			buildConfigurations = (
				6C737B2D1C787CA2008229A3 /* Debug */,
				6C737B2E1C787CA2008229A3 /* Release */,
			);
			defaultConfigurationIsVisible = 0;
			defaultConfigurationName = Release;
		};
		6C737B301C787CA2008229A3 /* Build configuration list for PBXNativeTarget "PresentationRemoteIOS WatchKit App" */ = {
			isa = XCConfigurationList;
			buildConfigurations = (
				6C737B311C787CA2008229A3 /* Debug */,
				6C737B321C787CA2008229A3 /* Release */,
			);
			defaultConfigurationIsVisible = 0;
			defaultConfigurationName = Release;
		};
		6C737B341C787CA2008229A3 /* Build configuration list for PBXNativeTarget "PresentationRemoteIOS" */ = {
			isa = XCConfigurationList;
			buildConfigurations = (
				6C737B351C787CA2008229A3 /* Debug */,
				6C737B361C787CA2008229A3 /* Release */,
			);
			defaultConfigurationIsVisible = 0;
			defaultConfigurationName = Release;
		};
/* End XCConfigurationList section */
	};
	rootObject = 6C737AF51C787CA2008229A3 /* Project object */;
}
